<?xml version="1.0" encoding="utf-8"?>
<Project ToolsVersion="4.0" xmlns="http://schemas.microsoft.com/developer/msbuild/2003">
  <ItemGroup>
    <Filter Include="资源文件">
      <UniqueIdentifier>{67DA6AB6-F800-4c08-8B7A-83BB121AAD01}</UniqueIdentifier>
      <Extensions>rc;ico;cur;bmp;dlg;rc2;rct;bin;rgs;gif;jpg;jpeg;jpe;resx;tiff;tif;png;wav;mfcribbon-ms</Extensions>
    </Filter>
    <Filter Include="Zmq">
      <UniqueIdentifier>{3928a4af-8add-41b2-af46-a062ade9d92e}</UniqueIdentifier>
    </Filter>
    <Filter Include="Main">
      <UniqueIdentifier>{cd84bcc0-9f54-4053-86a5-14a0bf274c87}</UniqueIdentifier>
    </Filter>
    <Filter Include="Flag">
      <UniqueIdentifier>{49bb987c-e660-4b4b-911c-d24889eb975d}</UniqueIdentifier>
    </Filter>
  </ItemGroup>
  <ItemGroup>
    <Text Include="ReadMe.txt" />
  </ItemGroup>
  <ItemGroup>
    <ClCompile Include="Main.cpp">
      <Filter>Main</Filter>
    </ClCompile>
    <ClCompile Include="..\..\Zmq\address.cpp">
      <Filter>Zmq</Filter>
    </ClCompile>
    <ClCompile Include="..\..\Zmq\clock.cpp">
      <Filter>Zmq</Filter>
    </ClCompile>
    <ClCompile Include="..\..\Zmq\ctx.cpp">
      <Filter>Zmq</Filter>
    </ClCompile>
    <ClCompile Include="..\..\Zmq\curve_client.cpp">
      <Filter>Zmq</Filter>
    </ClCompile>
    <ClCompile Include="..\..\Zmq\curve_server.cpp">
      <Filter>Zmq</Filter>
    </ClCompile>
    <ClCompile Include="..\..\Zmq\dealer.cpp">
      <Filter>Zmq</Filter>
    </ClCompile>
    <ClCompile Include="..\..\Zmq\devpoll.cpp">
      <Filter>Zmq</Filter>
    </ClCompile>
    <ClCompile Include="..\..\Zmq\dist.cpp">
      <Filter>Zmq</Filter>
    </ClCompile>
    <ClCompile Include="..\..\Zmq\epoll.cpp">
      <Filter>Zmq</Filter>
    </ClCompile>
    <ClCompile Include="..\..\Zmq\err.cpp">
      <Filter>Zmq</Filter>
    </ClCompile>
    <ClCompile Include="..\..\Zmq\errno.cpp">
      <Filter>Zmq</Filter>
    </ClCompile>
    <ClCompile Include="..\..\Zmq\fq.cpp">
      <Filter>Zmq</Filter>
    </ClCompile>
    <ClCompile Include="..\..\Zmq\io_object.cpp">
      <Filter>Zmq</Filter>
    </ClCompile>
    <ClCompile Include="..\..\Zmq\io_thread.cpp">
      <Filter>Zmq</Filter>
    </ClCompile>
    <ClCompile Include="..\..\Zmq\ip.cpp">
      <Filter>Zmq</Filter>
    </ClCompile>
    <ClCompile Include="..\..\Zmq\ipc_address.cpp">
      <Filter>Zmq</Filter>
    </ClCompile>
    <ClCompile Include="..\..\Zmq\ipc_connecter.cpp">
      <Filter>Zmq</Filter>
    </ClCompile>
    <ClCompile Include="..\..\Zmq\ipc_listener.cpp">
      <Filter>Zmq</Filter>
    </ClCompile>
    <ClCompile Include="..\..\Zmq\kqueue.cpp">
      <Filter>Zmq</Filter>
    </ClCompile>
    <ClCompile Include="..\..\Zmq\lb.cpp">
      <Filter>Zmq</Filter>
    </ClCompile>
    <ClCompile Include="..\..\Zmq\mailbox.cpp">
      <Filter>Zmq</Filter>
    </ClCompile>
    <ClCompile Include="..\..\Zmq\mechanism.cpp">
      <Filter>Zmq</Filter>
    </ClCompile>
    <ClCompile Include="..\..\Zmq\msg.cpp">
      <Filter>Zmq</Filter>
    </ClCompile>
    <ClCompile Include="..\..\Zmq\mtrie.cpp">
      <Filter>Zmq</Filter>
    </ClCompile>
    <ClCompile Include="..\..\Zmq\null_mechanism.cpp">
      <Filter>Zmq</Filter>
    </ClCompile>
    <ClCompile Include="..\..\Zmq\object.cpp">
      <Filter>Zmq</Filter>
    </ClCompile>
    <ClCompile Include="..\..\Zmq\options.cpp">
      <Filter>Zmq</Filter>
    </ClCompile>
    <ClCompile Include="..\..\Zmq\own.cpp">
      <Filter>Zmq</Filter>
    </ClCompile>
    <ClCompile Include="..\..\Zmq\pair.cpp">
      <Filter>Zmq</Filter>
    </ClCompile>
    <ClCompile Include="..\..\Zmq\pgm_receiver.cpp">
      <Filter>Zmq</Filter>
    </ClCompile>
    <ClCompile Include="..\..\Zmq\pgm_sender.cpp">
      <Filter>Zmq</Filter>
    </ClCompile>
    <ClCompile Include="..\..\Zmq\pgm_socket.cpp">
      <Filter>Zmq</Filter>
    </ClCompile>
    <ClCompile Include="..\..\Zmq\pipe.cpp">
      <Filter>Zmq</Filter>
    </ClCompile>
    <ClCompile Include="..\..\Zmq\plain_mechanism.cpp">
      <Filter>Zmq</Filter>
    </ClCompile>
    <ClCompile Include="..\..\Zmq\poll.cpp">
      <Filter>Zmq</Filter>
    </ClCompile>
    <ClCompile Include="..\..\Zmq\poller_base.cpp">
      <Filter>Zmq</Filter>
    </ClCompile>
    <ClCompile Include="..\..\Zmq\precompiled.cpp">
      <Filter>Zmq</Filter>
    </ClCompile>
    <ClCompile Include="..\..\Zmq\proxy.cpp">
      <Filter>Zmq</Filter>
    </ClCompile>
    <ClCompile Include="..\..\Zmq\pub.cpp">
      <Filter>Zmq</Filter>
    </ClCompile>
    <ClCompile Include="..\..\Zmq\pull.cpp">
      <Filter>Zmq</Filter>
    </ClCompile>
    <ClCompile Include="..\..\Zmq\push.cpp">
      <Filter>Zmq</Filter>
    </ClCompile>
    <ClCompile Include="..\..\Zmq\random.cpp">
      <Filter>Zmq</Filter>
    </ClCompile>
    <ClCompile Include="..\..\Zmq\raw_decoder.cpp">
      <Filter>Zmq</Filter>
    </ClCompile>
    <ClCompile Include="..\..\Zmq\raw_encoder.cpp">
      <Filter>Zmq</Filter>
    </ClCompile>
    <ClCompile Include="..\..\Zmq\reaper.cpp">
      <Filter>Zmq</Filter>
    </ClCompile>
    <ClCompile Include="..\..\Zmq\rep.cpp">
      <Filter>Zmq</Filter>
    </ClCompile>
    <ClCompile Include="..\..\Zmq\req.cpp">
      <Filter>Zmq</Filter>
    </ClCompile>
    <ClCompile Include="..\..\Zmq\router.cpp">
      <Filter>Zmq</Filter>
    </ClCompile>
    <ClCompile Include="..\..\Zmq\select.cpp">
      <Filter>Zmq</Filter>
    </ClCompile>
    <ClCompile Include="..\..\Zmq\session_base.cpp">
      <Filter>Zmq</Filter>
    </ClCompile>
    <ClCompile Include="..\..\Zmq\signaler.cpp">
      <Filter>Zmq</Filter>
    </ClCompile>
    <ClCompile Include="..\..\Zmq\socket_base.cpp">
      <Filter>Zmq</Filter>
    </ClCompile>
    <ClCompile Include="..\..\Zmq\stream.cpp">
      <Filter>Zmq</Filter>
    </ClCompile>
    <ClCompile Include="..\..\Zmq\stream_engine.cpp">
      <Filter>Zmq</Filter>
    </ClCompile>
    <ClCompile Include="..\..\Zmq\sub.cpp">
      <Filter>Zmq</Filter>
    </ClCompile>
    <ClCompile Include="..\..\Zmq\tcp.cpp">
      <Filter>Zmq</Filter>
    </ClCompile>
    <ClCompile Include="..\..\Zmq\tcp_address.cpp">
      <Filter>Zmq</Filter>
    </ClCompile>
    <ClCompile Include="..\..\Zmq\tcp_connecter.cpp">
      <Filter>Zmq</Filter>
    </ClCompile>
    <ClCompile Include="..\..\Zmq\tcp_listener.cpp">
      <Filter>Zmq</Filter>
    </ClCompile>
    <ClCompile Include="..\..\Zmq\thread.cpp">
      <Filter>Zmq</Filter>
    </ClCompile>
    <ClCompile Include="..\..\Zmq\trie.cpp">
      <Filter>Zmq</Filter>
    </ClCompile>
    <ClCompile Include="..\..\Zmq\v1_decoder.cpp">
      <Filter>Zmq</Filter>
    </ClCompile>
    <ClCompile Include="..\..\Zmq\v1_encoder.cpp">
      <Filter>Zmq</Filter>
    </ClCompile>
    <ClCompile Include="..\..\Zmq\v2_decoder.cpp">
      <Filter>Zmq</Filter>
    </ClCompile>
    <ClCompile Include="..\..\Zmq\v2_encoder.cpp">
      <Filter>Zmq</Filter>
    </ClCompile>
    <ClCompile Include="..\..\Zmq\xpub.cpp">
      <Filter>Zmq</Filter>
    </ClCompile>
    <ClCompile Include="..\..\Zmq\xsub.cpp">
      <Filter>Zmq</Filter>
    </ClCompile>
    <ClCompile Include="..\..\Zmq\zmq.cpp">
      <Filter>Zmq</Filter>
    </ClCompile>
    <ClCompile Include="..\..\Zmq\zmq_utils.cpp">
      <Filter>Zmq</Filter>
    </ClCompile>
    <ClCompile Include="..\..\Flag\Flag.cpp">
      <Filter>Flag</Filter>
    </ClCompile>
  </ItemGroup>
  <ItemGroup>
    <ClInclude Include="..\..\Zmq\address.hpp">
      <Filter>Zmq</Filter>
    </ClInclude>
    <ClInclude Include="..\..\Zmq\array.hpp">
      <Filter>Zmq</Filter>
    </ClInclude>
    <ClInclude Include="..\..\Zmq\atomic_counter.hpp">
      <Filter>Zmq</Filter>
    </ClInclude>
    <ClInclude Include="..\..\Zmq\atomic_ptr.hpp">
      <Filter>Zmq</Filter>
    </ClInclude>
    <ClInclude Include="..\..\Zmq\blob.hpp">
      <Filter>Zmq</Filter>
    </ClInclude>
    <ClInclude Include="..\..\Zmq\clock.hpp">
      <Filter>Zmq</Filter>
    </ClInclude>
    <ClInclude Include="..\..\Zmq\command.hpp">
      <Filter>Zmq</Filter>
    </ClInclude>
    <ClInclude Include="..\..\Zmq\config.hpp">
      <Filter>Zmq</Filter>
    </ClInclude>
    <ClInclude Include="..\..\Zmq\ctx.hpp">
      <Filter>Zmq</Filter>
    </ClInclude>
    <ClInclude Include="..\..\Zmq\curve_client.hpp">
      <Filter>Zmq</Filter>
    </ClInclude>
    <ClInclude Include="..\..\Zmq\curve_server.hpp">
      <Filter>Zmq</Filter>
    </ClInclude>
    <ClInclude Include="..\..\Zmq\dbuffer.hpp">
      <Filter>Zmq</Filter>
    </ClInclude>
    <ClInclude Include="..\..\Zmq\dealer.hpp">
      <Filter>Zmq</Filter>
    </ClInclude>
    <ClInclude Include="..\..\Zmq\decoder.hpp">
      <Filter>Zmq</Filter>
    </ClInclude>
    <ClInclude Include="..\..\Zmq\devpoll.hpp">
      <Filter>Zmq</Filter>
    </ClInclude>
    <ClInclude Include="..\..\Zmq\dist.hpp">
      <Filter>Zmq</Filter>
    </ClInclude>
    <ClInclude Include="..\..\Zmq\encoder.hpp">
      <Filter>Zmq</Filter>
    </ClInclude>
    <ClInclude Include="..\..\Zmq\epoll.hpp">
      <Filter>Zmq</Filter>
    </ClInclude>
    <ClInclude Include="..\..\Zmq\err.hpp">
      <Filter>Zmq</Filter>
    </ClInclude>
    <ClInclude Include="..\..\Zmq\errno.hpp">
      <Filter>Zmq</Filter>
    </ClInclude>
    <ClInclude Include="..\..\Zmq\fd.hpp">
      <Filter>Zmq</Filter>
    </ClInclude>
    <ClInclude Include="..\..\Zmq\fq.hpp">
      <Filter>Zmq</Filter>
    </ClInclude>
    <ClInclude Include="..\..\Zmq\i_decoder.hpp">
      <Filter>Zmq</Filter>
    </ClInclude>
    <ClInclude Include="..\..\Zmq\i_encoder.hpp">
      <Filter>Zmq</Filter>
    </ClInclude>
    <ClInclude Include="..\..\Zmq\i_engine.hpp">
      <Filter>Zmq</Filter>
    </ClInclude>
    <ClInclude Include="..\..\Zmq\i_poll_events.hpp">
      <Filter>Zmq</Filter>
    </ClInclude>
    <ClInclude Include="..\..\Zmq\io_object.hpp">
      <Filter>Zmq</Filter>
    </ClInclude>
    <ClInclude Include="..\..\Zmq\io_thread.hpp">
      <Filter>Zmq</Filter>
    </ClInclude>
    <ClInclude Include="..\..\Zmq\ip.hpp">
      <Filter>Zmq</Filter>
    </ClInclude>
    <ClInclude Include="..\..\Zmq\ipc_address.hpp">
      <Filter>Zmq</Filter>
    </ClInclude>
    <ClInclude Include="..\..\Zmq\ipc_connecter.hpp">
      <Filter>Zmq</Filter>
    </ClInclude>
    <ClInclude Include="..\..\Zmq\ipc_listener.hpp">
      <Filter>Zmq</Filter>
    </ClInclude>
    <ClInclude Include="..\..\Zmq\kqueue.hpp">
      <Filter>Zmq</Filter>
    </ClInclude>
    <ClInclude Include="..\..\Zmq\lb.hpp">
      <Filter>Zmq</Filter>
    </ClInclude>
    <ClInclude Include="..\..\Zmq\likely.hpp">
      <Filter>Zmq</Filter>
    </ClInclude>
    <ClInclude Include="..\..\Zmq\mailbox.hpp">
      <Filter>Zmq</Filter>
    </ClInclude>
    <ClInclude Include="..\..\Zmq\mechanism.hpp">
      <Filter>Zmq</Filter>
    </ClInclude>
    <ClInclude Include="..\..\Zmq\msg.hpp">
      <Filter>Zmq</Filter>
    </ClInclude>
    <ClInclude Include="..\..\Zmq\mtrie.hpp">
      <Filter>Zmq</Filter>
    </ClInclude>
    <ClInclude Include="..\..\Zmq\mutex.hpp">
      <Filter>Zmq</Filter>
    </ClInclude>
    <ClInclude Include="..\..\Zmq\null_mechanism.hpp">
      <Filter>Zmq</Filter>
    </ClInclude>
    <ClInclude Include="..\..\Zmq\object.hpp">
      <Filter>Zmq</Filter>
    </ClInclude>
    <ClInclude Include="..\..\Zmq\options.hpp">
      <Filter>Zmq</Filter>
    </ClInclude>
    <ClInclude Include="..\..\Zmq\own.hpp">
      <Filter>Zmq</Filter>
    </ClInclude>
    <ClInclude Include="..\..\Zmq\pair.hpp">
      <Filter>Zmq</Filter>
    </ClInclude>
    <ClInclude Include="..\..\Zmq\pgm_receiver.hpp">
      <Filter>Zmq</Filter>
    </ClInclude>
    <ClInclude Include="..\..\Zmq\pgm_sender.hpp">
      <Filter>Zmq</Filter>
    </ClInclude>
    <ClInclude Include="..\..\Zmq\pgm_socket.hpp">
      <Filter>Zmq</Filter>
    </ClInclude>
    <ClInclude Include="..\..\Zmq\pipe.hpp">
      <Filter>Zmq</Filter>
    </ClInclude>
    <ClInclude Include="..\..\Zmq\plain_mechanism.hpp">
      <Filter>Zmq</Filter>
    </ClInclude>
    <ClInclude Include="..\..\Zmq\platform.hpp">
      <Filter>Zmq</Filter>
    </ClInclude>
    <ClInclude Include="..\..\Zmq\poll.hpp">
      <Filter>Zmq</Filter>
    </ClInclude>
    <ClInclude Include="..\..\Zmq\poller.hpp">
      <Filter>Zmq</Filter>
    </ClInclude>
    <ClInclude Include="..\..\Zmq\poller_base.hpp">
      <Filter>Zmq</Filter>
    </ClInclude>
    <ClInclude Include="..\..\Zmq\precompiled.hpp">
      <Filter>Zmq</Filter>
    </ClInclude>
    <ClInclude Include="..\..\Zmq\proxy.hpp">
      <Filter>Zmq</Filter>
    </ClInclude>
    <ClInclude Include="..\..\Zmq\pub.hpp">
      <Filter>Zmq</Filter>
    </ClInclude>
    <ClInclude Include="..\..\Zmq\pull.hpp">
      <Filter>Zmq</Filter>
    </ClInclude>
    <ClInclude Include="..\..\Zmq\push.hpp">
      <Filter>Zmq</Filter>
    </ClInclude>
    <ClInclude Include="..\..\Zmq\random.hpp">
      <Filter>Zmq</Filter>
    </ClInclude>
    <ClInclude Include="..\..\Zmq\raw_decoder.hpp">
      <Filter>Zmq</Filter>
    </ClInclude>
    <ClInclude Include="..\..\Zmq\raw_encoder.hpp">
      <Filter>Zmq</Filter>
    </ClInclude>
    <ClInclude Include="..\..\Zmq\reaper.hpp">
      <Filter>Zmq</Filter>
    </ClInclude>
    <ClInclude Include="..\..\Zmq\rep.hpp">
      <Filter>Zmq</Filter>
    </ClInclude>
    <ClInclude Include="..\..\Zmq\req.hpp">
      <Filter>Zmq</Filter>
    </ClInclude>
    <ClInclude Include="..\..\Zmq\router.hpp">
      <Filter>Zmq</Filter>
    </ClInclude>
    <ClInclude Include="..\..\Zmq\select.hpp">
      <Filter>Zmq</Filter>
    </ClInclude>
    <ClInclude Include="..\..\Zmq\session_base.hpp">
      <Filter>Zmq</Filter>
    </ClInclude>
    <ClInclude Include="..\..\Zmq\signaler.hpp">
      <Filter>Zmq</Filter>
    </ClInclude>
    <ClInclude Include="..\..\Zmq\socket_base.hpp">
      <Filter>Zmq</Filter>
    </ClInclude>
    <ClInclude Include="..\..\Zmq\stdint.hpp">
      <Filter>Zmq</Filter>
    </ClInclude>
    <ClInclude Include="..\..\Zmq\stream.hpp">
      <Filter>Zmq</Filter>
    </ClInclude>
    <ClInclude Include="..\..\Zmq\stream_engine.hpp">
      <Filter>Zmq</Filter>
    </ClInclude>
    <ClInclude Include="..\..\Zmq\sub.hpp">
      <Filter>Zmq</Filter>
    </ClInclude>
    <ClInclude Include="..\..\Zmq\tcp.hpp">
      <Filter>Zmq</Filter>
    </ClInclude>
    <ClInclude Include="..\..\Zmq\tcp_address.hpp">
      <Filter>Zmq</Filter>
    </ClInclude>
    <ClInclude Include="..\..\Zmq\tcp_connecter.hpp">
      <Filter>Zmq</Filter>
    </ClInclude>
    <ClInclude Include="..\..\Zmq\tcp_listener.hpp">
      <Filter>Zmq</Filter>
    </ClInclude>
    <ClInclude Include="..\..\Zmq\thread.hpp">
      <Filter>Zmq</Filter>
    </ClInclude>
    <ClInclude Include="..\..\Zmq\trie.hpp">
      <Filter>Zmq</Filter>
    </ClInclude>
    <ClInclude Include="..\..\Zmq\v1_decoder.hpp">
      <Filter>Zmq</Filter>
    </ClInclude>
    <ClInclude Include="..\..\Zmq\v1_encoder.hpp">
      <Filter>Zmq</Filter>
    </ClInclude>
    <ClInclude Include="..\..\Zmq\v2_decoder.hpp">
      <Filter>Zmq</Filter>
    </ClInclude>
    <ClInclude Include="..\..\Zmq\v2_encoder.hpp">
      <Filter>Zmq</Filter>
    </ClInclude>
    <ClInclude Include="..\..\Zmq\v2_protocol.hpp">
      <Filter>Zmq</Filter>
    </ClInclude>
    <ClInclude Include="..\..\Zmq\windows.hpp">
      <Filter>Zmq</Filter>
    </ClInclude>
    <ClInclude Include="..\..\Zmq\wire.hpp">
      <Filter>Zmq</Filter>
    </ClInclude>
    <ClInclude Include="..\..\Zmq\xpub.hpp">
      <Filter>Zmq</Filter>
    </ClInclude>
    <ClInclude Include="..\..\Zmq\xsub.hpp">
      <Filter>Zmq</Filter>
    </ClInclude>
    <ClInclude Include="..\..\Zmq\ypipe.hpp">
      <Filter>Zmq</Filter>
    </ClInclude>
    <ClInclude Include="..\..\Zmq\ypipe_base.hpp">
      <Filter>Zmq</Filter>
    </ClInclude>
    <ClInclude Include="..\..\Zmq\ypipe_conflate.hpp">
      <Filter>Zmq</Filter>
    </ClInclude>
    <ClInclude Include="..\..\Zmq\yqueue.hpp">
      <Filter>Zmq</Filter>
    </ClInclude>
    <ClInclude Include="..\..\Zmq\zmq.h">
      <Filter>Zmq</Filter>
    </ClInclude>
    <ClInclude Include="..\..\Zmq\zmq_utils.h">
      <Filter>Zmq</Filter>
    </ClInclude>
    <ClInclude Include="..\..\Flag\Flag.h">
      <Filter>Flag</Filter>
    </ClInclude>
  </ItemGroup>
  <ItemGroup>
    <None Include="..\..\Zmq\libzmq.pc.cmake.in">
      <Filter>Zmq</Filter>
    </None>
    <None Include="..\..\Zmq\libzmq.pc.in">
      <Filter>Zmq</Filter>
    </None>
    <None Include="..\..\Zmq\libzmq.vers">
      <Filter>Zmq</Filter>
    </None>
    <None Include="..\..\Zmq\Makefile.am">
      <Filter>Zmq</Filter>
    </None>
    <None Include="..\..\Zmq\version.rc.in">
      <Filter>Zmq</Filter>
    </None>
  </ItemGroup>
</Project>